
Microsoft Visual Studio Solution File, Format Version 12.00
# Visual Studio Version 17
VisualStudioVersion = 17.5.33424.131
MinimumVisualStudioVersion = 10.0.40219.1
Project("{FAE04EC0-301F-11D3-BF4B-00C04F79EFBC}") = "WindowsFormsApp4", "WindowsFormsApp4.csproj", "{E1FA756B-2AB6-4101-ADDB-698737E653EE}"
EndProject
Global
	GlobalSection(SolutionConfigurationPlatforms) = preSolution
		Debug|Any CPU = Debug|Any CPU
		Release|Any CPU = Release|Any CPU
	EndGlobalSection
	GlobalSection(ProjectConfigurationPlatforms) = postSolution
		{E1FA756B-2AB6-4101-ADDB-698737E653EE}.Debug|Any CPU.ActiveCfg = Debug|Any CPU
		{E1FA756B-2AB6-4101-ADDB-698737E653EE}.Debug|Any CPU.Build.0 = Debug|Any CPU
		{E1FA756B-2AB6-4101-ADDB-698737E653EE}.Release|Any CPU.ActiveCfg = Release|Any CPU
		{E1FA756B-2AB6-4101-ADDB-698737E653EE}.Release|Any CPU.Build.0 = Release|Any CPU
	EndGlobalSection
	GlobalSection(SolutionProperties) = preSolution
		HideSolutionNode = FALSE
	EndGlobalSection
	GlobalSection(ExtensibilityGlobals) = postSolution
		SolutionGuid = {6CDAF4EE-7894-4F74-A3B3-730B26BC90E7}
	EndGlobalSection
EndGlobal
